
Microsoft Visual Studio Solution File, Format Version 12.00
# Visual Studio 14
VisualStudioVersion = 14.0.25420.1
MinimumVisualStudioVersion = 10.0.40219.1
Project("{FAE04EC0-301F-11D3-BF4B-00C04F79EFBC}") = "ManachIt", "ManachIt\ManachIt.csproj", "{DD69DADA-EAD0-4671-B664-DC1B005C74DE}"
EndProject
Global
	GlobalSection(SolutionConfigurationPlatforms) = preSolution
		Debug|Any CPU = Debug|Any CPU
		Release|Any CPU = Release|Any CPU
	EndGlobalSection
	GlobalSection(ProjectConfigurationPlatforms) = postSolution
		{DD69DADA-EAD0-4671-B664-DC1B005C74DE}.Debug|Any CPU.ActiveCfg = Debug|Any CPU
		{DD69DADA-EAD0-4671-B664-DC1B005C74DE}.Debug|Any CPU.Build.0 = Debug|Any CPU
		{DD69DADA-EAD0-4671-B664-DC1B005C74DE}.Release|Any CPU.ActiveCfg = Release|Any CPU
		{DD69DADA-EAD0-4671-B664-DC1B005C74DE}.Release|Any CPU.Build.0 = Release|Any CPU
	EndGlobalSection
	GlobalSection(SolutionProperties) = preSolution
		HideSolutionNode = FALSE
	EndGlobalSection
EndGlobal
