
Microsoft Visual Studio Solution File, Format Version 12.00
# Visual Studio 14
VisualStudioVersion = 14.0.25420.1
MinimumVisualStudioVersion = 10.0.40219.1
Project("{2150E333-8FDC-42A3-9474-1A3956D46DE8}") = "4.-DataAccess", "4.-DataAccess", "{0328D5B9-0353-4A91-B5BD-A02390180196}"
EndProject
Project("{FAE04EC0-301F-11D3-BF4B-00C04F79EFBC}") = "ManachIt.Entities", "ManachIt.Entities\ManachIt.Entities.csproj", "{A5EBAB30-0195-4923-97AD-1FE4D8AF5AA3}"
EndProject
Project("{2150E333-8FDC-42A3-9474-1A3956D46DE8}") = "1.-View", "1.-View", "{E4900E3C-5D7A-4A46-86B7-C5DBE7C5BB9B}"
EndProject
Project("{FAE04EC0-301F-11D3-BF4B-00C04F79EFBC}") = "ManachIt.DAL", "ManachIt.DAL\ManachIt.DAL.csproj", "{39A8DEAA-63D4-4295-A6D5-A02B9EAE5116}"
EndProject
Project("{FAE04EC0-301F-11D3-BF4B-00C04F79EFBC}") = "Manachit.WebAPI", "ManachitWEBAPI\Manachit.WebAPI.csproj", "{42667BE5-9517-40DF-9981-15F78B92B046}"
EndProject
Project("{FAE04EC0-301F-11D3-BF4B-00C04F79EFBC}") = "Manachit.WEB", "ManachitWEB\Manachit.WEB.csproj", "{D4B85B40-7513-4E00-9BCC-F32A5F7FEA77}"
EndProject
Project("{2150E333-8FDC-42A3-9474-1A3956D46DE8}") = "2.- WebAPI", "2.- WebAPI", "{F0D3C114-2160-41CF-9928-85EDB6F75B24}"
EndProject
Project("{2150E333-8FDC-42A3-9474-1A3956D46DE8}") = "3.-Logic", "3.-Logic", "{F2B19E39-E910-4BCC-8D75-8B234AB8629C}"
EndProject
Project("{FAE04EC0-301F-11D3-BF4B-00C04F79EFBC}") = "Logic", "BLL\Logic.csproj", "{15B21246-AFF8-4F10-8ABA-7EC8D939C652}"
EndProject
Global
	GlobalSection(SolutionConfigurationPlatforms) = preSolution
		Debug|Any CPU = Debug|Any CPU
		Release|Any CPU = Release|Any CPU
	EndGlobalSection
	GlobalSection(ProjectConfigurationPlatforms) = postSolution
		{A5EBAB30-0195-4923-97AD-1FE4D8AF5AA3}.Debug|Any CPU.ActiveCfg = Release|Any CPU
		{A5EBAB30-0195-4923-97AD-1FE4D8AF5AA3}.Debug|Any CPU.Build.0 = Release|Any CPU
		{A5EBAB30-0195-4923-97AD-1FE4D8AF5AA3}.Release|Any CPU.ActiveCfg = Release|Any CPU
		{A5EBAB30-0195-4923-97AD-1FE4D8AF5AA3}.Release|Any CPU.Build.0 = Release|Any CPU
		{39A8DEAA-63D4-4295-A6D5-A02B9EAE5116}.Debug|Any CPU.ActiveCfg = Debug|Any CPU
		{39A8DEAA-63D4-4295-A6D5-A02B9EAE5116}.Debug|Any CPU.Build.0 = Debug|Any CPU
		{39A8DEAA-63D4-4295-A6D5-A02B9EAE5116}.Release|Any CPU.ActiveCfg = Release|Any CPU
		{39A8DEAA-63D4-4295-A6D5-A02B9EAE5116}.Release|Any CPU.Build.0 = Release|Any CPU
		{42667BE5-9517-40DF-9981-15F78B92B046}.Debug|Any CPU.ActiveCfg = Debug|Any CPU
		{42667BE5-9517-40DF-9981-15F78B92B046}.Debug|Any CPU.Build.0 = Debug|Any CPU
		{42667BE5-9517-40DF-9981-15F78B92B046}.Release|Any CPU.ActiveCfg = Release|Any CPU
		{42667BE5-9517-40DF-9981-15F78B92B046}.Release|Any CPU.Build.0 = Release|Any CPU
		{D4B85B40-7513-4E00-9BCC-F32A5F7FEA77}.Debug|Any CPU.ActiveCfg = Debug|Any CPU
		{D4B85B40-7513-4E00-9BCC-F32A5F7FEA77}.Debug|Any CPU.Build.0 = Debug|Any CPU
		{D4B85B40-7513-4E00-9BCC-F32A5F7FEA77}.Release|Any CPU.ActiveCfg = Release|Any CPU
		{D4B85B40-7513-4E00-9BCC-F32A5F7FEA77}.Release|Any CPU.Build.0 = Release|Any CPU
		{15B21246-AFF8-4F10-8ABA-7EC8D939C652}.Debug|Any CPU.ActiveCfg = Debug|Any CPU
		{15B21246-AFF8-4F10-8ABA-7EC8D939C652}.Debug|Any CPU.Build.0 = Debug|Any CPU
		{15B21246-AFF8-4F10-8ABA-7EC8D939C652}.Release|Any CPU.ActiveCfg = Release|Any CPU
		{15B21246-AFF8-4F10-8ABA-7EC8D939C652}.Release|Any CPU.Build.0 = Release|Any CPU
	EndGlobalSection
	GlobalSection(SolutionProperties) = preSolution
		HideSolutionNode = FALSE
	EndGlobalSection
	GlobalSection(NestedProjects) = preSolution
		{A5EBAB30-0195-4923-97AD-1FE4D8AF5AA3} = {0328D5B9-0353-4A91-B5BD-A02390180196}
		{39A8DEAA-63D4-4295-A6D5-A02B9EAE5116} = {0328D5B9-0353-4A91-B5BD-A02390180196}
		{42667BE5-9517-40DF-9981-15F78B92B046} = {F0D3C114-2160-41CF-9928-85EDB6F75B24}
		{D4B85B40-7513-4E00-9BCC-F32A5F7FEA77} = {E4900E3C-5D7A-4A46-86B7-C5DBE7C5BB9B}
		{15B21246-AFF8-4F10-8ABA-7EC8D939C652} = {F2B19E39-E910-4BCC-8D75-8B234AB8629C}
	EndGlobalSection
EndGlobal
